// !$*UTF8*$!
{
	archiveVersion = 1;
	classes = {
	};
	objectVersion = 46;
	objects = {

/* Begin PBXBuildFile section */
		0E4AD3251A36A13800006AC2 /* AppDelegate.swift in Sources */ = {isa = PBXBuildFile; fileRef = 0E4AD3241A36A13800006AC2 /* AppDelegate.swift */; };
		0E4AD3271A36A13800006AC2 /* ViewController.swift in Sources */ = {isa = PBXBuildFile; fileRef = 0E4AD3261A36A13800006AC2 /* ViewController.swift */; };
		0E4AD32A1A36A13800006AC2 /* Main.storyboard in Resources */ = {isa = PBXBuildFile; fileRef = 0E4AD3281A36A13800006AC2 /* Main.storyboard */; };
		0E4AD32C1A36A13800006AC2 /* Images.xcassets in Resources */ = {isa = PBXBuildFile; fileRef = 0E4AD32B1A36A13800006AC2 /* Images.xcassets */; };
		0E4AD32F1A36A13800006AC2 /* LaunchScreen.xib in Resources */ = {isa = PBXBuildFile; fileRef = 0E4AD32D1A36A13800006AC2 /* LaunchScreen.xib */; };
		0E4AD33B1A36A13800006AC2 /* GeneratorDemoTests.swift in Sources */ = {isa = PBXBuildFile; fileRef = 0E4AD33A1A36A13800006AC2 /* GeneratorDemoTests.swift */; };
/* End PBXBuildFile section */

/* Begin PBXContainerItemProxy section */
		0E4AD3351A36A13800006AC2 /* PBXContainerItemProxy */ = {
			isa = PBXContainerItemProxy;
			containerPortal = 0E4AD3171A36A13800006AC2 /* Project object */;
			proxyType = 1;
			remoteGlobalIDString = 0E4AD31E1A36A13800006AC2;
			remoteInfo = GeneratorDemo;
		};
/* End PBXContainerItemProxy section */

/* Begin PBXFileReference section */
		0E4AD31F1A36A13800006AC2 /* GeneratorDemo.app */ = {isa = PBXFileReference; explicitFileType = wrapper.application; includeInIndex = 0; path = GeneratorDemo.app; sourceTree = BUILT_PRODUCTS_DIR; };
		0E4AD3231A36A13800006AC2 /* Info.plist */ = {isa = PBXFileReference; lastKnownFileType = text.plist.xml; path = Info.plist; sourceTree = "<group>"; };
		0E4AD3241A36A13800006AC2 /* AppDelegate.swift */ = {isa = PBXFileReference; lastKnownFileType = sourcecode.swift; path = AppDelegate.swift; sourceTree = "<group>"; };
		0E4AD3261A36A13800006AC2 /* ViewController.swift */ = {isa = PBXFileReference; lastKnownFileType = sourcecode.swift; path = ViewController.swift; sourceTree = "<group>"; };
		0E4AD3291A36A13800006AC2 /* Base */ = {isa = PBXFileReference; lastKnownFileType = file.storyboard; name = Base; path = Base.lproj/Main.storyboard; sourceTree = "<group>"; };
		0E4AD32B1A36A13800006AC2 /* Images.xcassets */ = {isa = PBXFileReference; lastKnownFileType = folder.assetcatalog; path = Images.xcassets; sourceTree = "<group>"; };
		0E4AD32E1A36A13800006AC2 /* Base */ = {isa = PBXFileReference; lastKnownFileType = file.xib; name = Base; path = Base.lproj/LaunchScreen.xib; sourceTree = "<group>"; };
		0E4AD3341A36A13800006AC2 /* GeneratorDemoTests.xctest */ = {isa = PBXFileReference; explicitFileType = wrapper.cfbundle; includeInIndex = 0; path = GeneratorDemoTests.xctest; sourceTree = BUILT_PRODUCTS_DIR; };
		0E4AD3391A36A13800006AC2 /* Info.plist */ = {isa = PBXFileReference; lastKnownFileType = text.plist.xml; path = Info.plist; sourceTree = "<group>"; };
		0E4AD33A1A36A13800006AC2 /* GeneratorDemoTests.swift */ = {isa = PBXFileReference; lastKnownFileType = sourcecode.swift; path = GeneratorDemoTests.swift; sourceTree = "<group>"; };
/* End PBXFileReference section */

/* Begin PBXFrameworksBuildPhase section */
		0E4AD31C1A36A13800006AC2 /* Frameworks */ = {
			isa = PBXFrameworksBuildPhase;
			buildActionMask = 2147483647;
			files = (
			);
			runOnlyForDeploymentPostprocessing = 0;
		};
		0E4AD3311A36A13800006AC2 /* Frameworks */ = {
			isa = PBXFrameworksBuildPhase;
			buildActionMask = 2147483647;
			files = (
			);
			runOnlyForDeploymentPostprocessing = 0;
		};
/* End PBXFrameworksBuildPhase section */

/* Begin PBXGroup section */
		0E4AD3161A36A13800006AC2 = {
			isa = PBXGroup;
			children = (
				0E4AD3211A36A13800006AC2 /* GeneratorDemo */,
				0E4AD3371A36A13800006AC2 /* GeneratorDemoTests */,
				0E4AD3201A36A13800006AC2 /* Products */,
			);
			sourceTree = "<group>";
		};
		0E4AD3201A36A13800006AC2 /* Products */ = {
			isa = PBXGroup;
			children = (
				0E4AD31F1A36A13800006AC2 /* GeneratorDemo.app */,
				0E4AD3341A36A13800006AC2 /* GeneratorDemoTests.xctest */,
			);
			name = Products;
			sourceTree = "<group>";
		};
		0E4AD3211A36A13800006AC2 /* GeneratorDemo */ = {
			isa = PBXGroup;
			children = (
				0E4AD3241A36A13800006AC2 /* AppDelegate.swift */,
				0E4AD3261A36A13800006AC2 /* ViewController.swift */,
				0E4AD3281A36A13800006AC2 /* Main.storyboard */,
				0E4AD32B1A36A13800006AC2 /* Images.xcassets */,
				0E4AD32D1A36A13800006AC2 /* LaunchScreen.xib */,
				0E4AD3221A36A13800006AC2 /* Supporting Files */,
			);
			path = GeneratorDemo;
			sourceTree = "<group>";
		};
		0E4AD3221A36A13800006AC2 /* Supporting Files */ = {
			isa = PBXGroup;
			children = (
				0E4AD3231A36A13800006AC2 /* Info.plist */,
			);
			name = "Supporting Files";
			sourceTree = "<group>";
		};
		0E4AD3371A36A13800006AC2 /* GeneratorDemoTests */ = {
			isa = PBXGroup;
			children = (
				0E4AD33A1A36A13800006AC2 /* GeneratorDemoTests.swift */,
				0E4AD3381A36A13800006AC2 /* Supporting Files */,
			);
			path = GeneratorDemoTests;
			sourceTree = "<group>";
		};
		0E4AD3381A36A13800006AC2 /* Supporting Files */ = {
			isa = PBXGroup;
			children = (
				0E4AD3391A36A13800006AC2 /* Info.plist */,
			);
			name = "Supporting Files";
			sourceTree = "<group>";
		};
/* End PBXGroup section */

/* Begin PBXNativeTarget section */
		0E4AD31E1A36A13800006AC2 /* GeneratorDemo */ = {
			isa = PBXNativeTarget;
			buildConfigurationList = 0E4AD33E1A36A13800006AC2 /* Build configuration list for PBXNativeTarget "GeneratorDemo" */;
			buildPhases = (
				0E4AD31B1A36A13800006AC2 /* Sources */,
				0E4AD31C1A36A13800006AC2 /* Frameworks */,
				0E4AD31D1A36A13800006AC2 /* Resources */,
			);
			buildRules = (
			);
			dependencies = (
			);
			name = GeneratorDemo;
			productName = GeneratorDemo;
			productReference = 0E4AD31F1A36A13800006AC2 /* GeneratorDemo.app */;
			productType = "com.apple.product-type.application";
		};
		0E4AD3331A36A13800006AC2 /* GeneratorDemoTests */ = {
			isa = PBXNativeTarget;
			buildConfigurationList = 0E4AD3411A36A13800006AC2 /* Build configuration list for PBXNativeTarget "GeneratorDemoTests" */;
			buildPhases = (
				0E4AD3301A36A13800006AC2 /* Sources */,
				0E4AD3311A36A13800006AC2 /* Frameworks */,
				0E4AD3321A36A13800006AC2 /* Resources */,
			);
			buildRules = (
			);
			dependencies = (
				0E4AD3361A36A13800006AC2 /* PBXTargetDependency */,
			);
			name = GeneratorDemoTests;
			productName = GeneratorDemoTests;
			productReference = 0E4AD3341A36A13800006AC2 /* GeneratorDemoTests.xctest */;
			productType = "com.apple.product-type.bundle.unit-test";
		};
/* End PBXNativeTarget section */

/* Begin PBXProject section */
		0E4AD3171A36A13800006AC2 /* Project object */ = {
			isa = PBXProject;
			attributes = {
				LastUpgradeCheck = 0610;
				ORGANIZATIONNAME = "Matthew Palmer";
				TargetAttributes = {
					0E4AD31E1A36A13800006AC2 = {
						CreatedOnToolsVersion = 6.1.1;
					};
					0E4AD3331A36A13800006AC2 = {
						CreatedOnToolsVersion = 6.1.1;
						TestTargetID = 0E4AD31E1A36A13800006AC2;
					};
				};
			};
			buildConfigurationList = 0E4AD31A1A36A13800006AC2 /* Build configuration list for PBXProject "GeneratorDemo" */;
			compatibilityVersion = "Xcode 3.2";
			developmentRegion = English;
			hasScannedForEncodings = 0;
			knownRegions = (
				en,
				Base,
			);
			mainGroup = 0E4AD3161A36A13800006AC2;
			productRefGroup = 0E4AD3201A36A13800006AC2 /* Products */;
			projectDirPath = "";
			projectRoot = "";
			targets = (
				0E4AD31E1A36A13800006AC2 /* GeneratorDemo */,
				0E4AD3331A36A13800006AC2 /* GeneratorDemoTests */,
			);
		};
/* End PBXProject section */

/* Begin PBXResourcesBuildPhase section */
		0E4AD31D1A36A13800006AC2 /* Resources */ = {
			isa = PBXResourcesBuildPhase;
			buildActionMask = 2147483647;
			files = (
				0E4AD32A1A36A13800006AC2 /* Main.storyboard in Resources */,
				0E4AD32F1A36A13800006AC2 /* LaunchScreen.xib in Resources */,
				0E4AD32C1A36A13800006AC2 /* Images.xcassets in Resources */,
			);
			runOnlyForDeploymentPostprocessing = 0;
		};
		0E4AD3321A36A13800006AC2 /* Resources */ = {
			isa = PBXResourcesBuildPhase;
			buildActionMask = 2147483647;
			files = (
			);
			runOnlyForDeploymentPostprocessing = 0;
		};
/* End PBXResourcesBuildPhase section */

/* Begin PBXSourcesBuildPhase section */
		0E4AD31B1A36A13800006AC2 /* Sources */ = {
			isa = PBXSourcesBuildPhase;
			buildActionMask = 2147483647;
			files = (
				0E4AD3271A36A13800006AC2 /* ViewController.swift in Sources */,
				0E4AD3251A36A13800006AC2 /* AppDelegate.swift in Sources */,
			);
			runOnlyForDeploymentPostprocessing = 0;
		};
		0E4AD3301A36A13800006AC2 /* Sources */ = {
			isa = PBXSourcesBuildPhase;
			buildActionMask = 2147483647;
			files = (
				0E4AD33B1A36A13800006AC2 /* GeneratorDemoTests.swift in Sources */,
			);
			runOnlyForDeploymentPostprocessing = 0;
		};
/* End PBXSourcesBuildPhase section */

/* Begin PBXTargetDependency section */
		0E4AD3361A36A13800006AC2 /* PBXTargetDependency */ = {
			isa = PBXTargetDependency;
			target = 0E4AD31E1A36A13800006AC2 /* GeneratorDemo */;
			targetProxy = 0E4AD3351A36A13800006AC2 /* PBXContainerItemProxy */;
		};
/* End PBXTargetDependency section */

/* Begin PBXVariantGroup section */
		0E4AD3281A36A13800006AC2 /* Main.storyboard */ = {
			isa = PBXVariantGroup;
			children = (
				0E4AD3291A36A13800006AC2 /* Base */,
			);
			name = Main.storyboard;
			sourceTree = "<group>";
		};
		0E4AD32D1A36A13800006AC2 /* LaunchScreen.xib */ = {
			isa = PBXVariantGroup;
			children = (
				0E4AD32E1A36A13800006AC2 /* Base */,
			);
			name = LaunchScreen.xib;
			sourceTree = "<group>";
		};
/* End PBXVariantGroup section */

/* Begin XCBuildConfiguration section */
		0E4AD33C1A36A13800006AC2 /* Debug */ = {
			isa = XCBuildConfiguration;
			buildSettings = {
				ALWAYS_SEARCH_USER_PATHS = NO;
				CLANG_CXX_LANGUAGE_STANDARD = "gnu++0x";
				CLANG_CXX_LIBRARY = "libc++";
				CLANG_ENABLE_MODULES = YES;
				CLANG_ENABLE_OBJC_ARC = YES;
				CLANG_WARN_BOOL_CONVERSION = YES;
				CLANG_WARN_CONSTANT_CONVERSION = YES;
				CLANG_WARN_DIRECT_OBJC_ISA_USAGE = YES_ERROR;
				CLANG_WARN_EMPTY_BODY = YES;
				CLANG_WARN_ENUM_CONVERSION = YES;
				CLANG_WARN_INT_CONVERSION = YES;
				CLANG_WARN_OBJC_ROOT_CLASS = YES_ERROR;
				CLANG_WARN_UNREACHABLE_CODE = YES;
				CLANG_WARN__DUPLICATE_METHOD_MATCH = YES;
				"CODE_SIGN_IDENTITY[sdk=iphoneos*]" = "iPhone Developer";
				COPY_PHASE_STRIP = NO;
				ENABLE_STRICT_OBJC_MSGSEND = YES;
				GCC_C_LANGUAGE_STANDARD = gnu99;
				GCC_DYNAMIC_NO_PIC = NO;
				GCC_OPTIMIZATION_LEVEL = 0;
				GCC_PREPROCESSOR_DEFINITIONS = (
					"DEBUG=1",
					"$(inherited)",
				);
				GCC_SYMBOLS_PRIVATE_EXTERN = NO;
				GCC_WARN_64_TO_32_BIT_CONVERSION = YES;
				GCC_WARN_ABOUT_RETURN_TYPE = YES_ERROR;
				GCC_WARN_UNDECLARED_SELECTOR = YES;
				GCC_WARN_UNINITIALIZED_AUTOS = YES_AGGRESSIVE;
				GCC_WARN_UNUSED_FUNCTION = YES;
				GCC_WARN_UNUSED_VARIABLE = YES;
				IPHONEOS_DEPLOYMENT_TARGET = 8.1;
				MTL_ENABLE_DEBUG_INFO = YES;
				ONLY_ACTIVE_ARCH = YES;
				SDKROOT = iphoneos;
				SWIFT_OPTIMIZATION_LEVEL = "-Onone";
				TARGETED_DEVICE_FAMILY = "1,2";
			};
			name = Debug;
		};
		0E4AD33D1A36A13800006AC2 /* Release */ = {
			isa = XCBuildConfiguration;
			buildSettings = {
				ALWAYS_SEARCH_USER_PATHS = NO;
				CLANG_CXX_LANGUAGE_STANDARD = "gnu++0x";
				CLANG_CXX_LIBRARY = "libc++";
				CLANG_ENABLE_MODULES = YES;
				CLANG_ENABLE_OBJC_ARC = YES;
				CLANG_WARN_BOOL_CONVERSION = YES;
				CLANG_WARN_CONSTANT_CONVERSION = YES;
				CLANG_WARN_DIRECT_OBJC_ISA_USAGE = YES_ERROR;
				CLANG_WARN_EMPTY_BODY = YES;
				CLANG_WARN_ENUM_CONVERSION = YES;
				CLANG_WARN_INT_CONVERSION = YES;
				CLANG_WARN_OBJC_ROOT_CLASS = YES_ERROR;
				CLANG_WARN_UNREACHABLE_CODE = YES;
				CLANG_WARN__DUPLICATE_METHOD_MATCH = YES;
				"CODE_SIGN_IDENTITY[sdk=iphoneos*]" = "iPhone Developer";
				COPY_PHASE_STRIP = YES;
				ENABLE_NS_ASSERTIONS = NO;
				ENABLE_STRICT_OBJC_MSGSEND = YES;
				GCC_C_LANGUAGE_STANDARD = gnu99;
				GCC_WARN_64_TO_32_BIT_CONVERSION = YES;
				GCC_WARN_ABOUT_RETURN_TYPE = YES_ERROR;
				GCC_WARN_UNDECLARED_SELECTOR = YES;
				GCC_WARN_UNINITIALIZED_AUTOS = YES_AGGRESSIVE;
				GCC_WARN_UNUSED_FUNCTION = YES;
				GCC_WARN_UNUSED_VARIABLE = YES;
				IPHONEOS_DEPLOYMENT_TARGET = 8.1;
				MTL_ENABLE_DEBUG_INFO = NO;
				SDKROOT = iphoneos;
				TARGETED_DEVICE_FAMILY = "1,2";
				VALIDATE_PRODUCT = YES;
			};
			name = Release;
		};
		0E4AD33F1A36A13800006AC2 /* Debug */ = {
			isa = XCBuildConfiguration;
			buildSettings = {
				ASSETCATALOG_COMPILER_APPICON_NAME = AppIcon;
				INFOPLIST_FILE = GeneratorDemo/Info.plist;
				LD_RUNPATH_SEARCH_PATHS = "$(inherited) @executable_path/Frameworks";
				PRODUCT_NAME = "$(TARGET_NAME)";
			};
			name = Debug;
		};
		0E4AD3401A36A13800006AC2 /* Release */ = {
			isa = XCBuildConfiguration;
			buildSettings = {
				ASSETCATALOG_COMPILER_APPICON_NAME = AppIcon;
				INFOPLIST_FILE = GeneratorDemo/Info.plist;
				LD_RUNPATH_SEARCH_PATHS = "$(inherited) @executable_path/Frameworks";
				PRODUCT_NAME = "$(TARGET_NAME)";
			};
			name = Release;
		};
		0E4AD3421A36A13800006AC2 /* Debug */ = {
			isa = XCBuildConfiguration;
			buildSettings = {
				BUNDLE_LOADER = "$(TEST_HOST)";
				FRAMEWORK_SEARCH_PATHS = (
					"$(SDKROOT)/Developer/Library/Frameworks",
					"$(inherited)",
				);
				GCC_PREPROCESSOR_DEFINITIONS = (
					"DEBUG=1",
					"$(inherited)",
				);
				INFOPLIST_FILE = GeneratorDemoTests/Info.plist;
				LD_RUNPATH_SEARCH_PATHS = "$(inherited) @executable_path/Frameworks @loader_path/Frameworks";
				PRODUCT_NAME = "$(TARGET_NAME)";
				TEST_HOST = "$(BUILT_PRODUCTS_DIR)/GeneratorDemo.app/GeneratorDemo";
			};
			name = Debug;
		};
		0E4AD3431A36A13800006AC2 /* Release */ = {
			isa = XCBuildConfiguration;
			buildSettings = {
				BUNDLE_LOADER = "$(TEST_HOST)";
				FRAMEWORK_SEARCH_PATHS = (
					"$(SDKROOT)/Developer/Library/Frameworks",
					"$(inherited)",
				);
				INFOPLIST_FILE = GeneratorDemoTests/Info.plist;
				LD_RUNPATH_SEARCH_PATHS = "$(inherited) @executable_path/Frameworks @loader_path/Frameworks";
				PRODUCT_NAME = "$(TARGET_NAME)";
				TEST_HOST = "$(BUILT_PRODUCTS_DIR)/GeneratorDemo.app/GeneratorDemo";
			};
			name = Release;
		};
/* End XCBuildConfiguration section */

/* Begin XCConfigurationList section */
		0E4AD31A1A36A13800006AC2 /* Build configuration list for PBXProject "GeneratorDemo" */ = {
			isa = XCConfigurationList;
			buildConfigurations = (
				0E4AD33C1A36A13800006AC2 /* Debug */,
				0E4AD33D1A36A13800006AC2 /* Release */,
			);
			defaultConfigurationIsVisible = 0;
			defaultConfigurationName = Release;
		};
		0E4AD33E1A36A13800006AC2 /* Build configuration list for PBXNativeTarget "GeneratorDemo" */ = {
			isa = XCConfigurationList;
			buildConfigurations = (
				0E4AD33F1A36A13800006AC2 /* Debug */,
				0E4AD3401A36A13800006AC2 /* Release */,
			);
			defaultConfigurationIsVisible = 0;
		};
		0E4AD3411A36A13800006AC2 /* Build configuration list for PBXNativeTarget "GeneratorDemoTests" */ = {
			isa = XCConfigurationList;
			buildConfigurations = (
				0E4AD3421A36A13800006AC2 /* Debug */,
				0E4AD3431A36A13800006AC2 /* Release */,
			);
			defaultConfigurationIsVisible = 0;
		};
/* End XCConfigurationList section */
	};
	rootObject = 0E4AD3171A36A13800006AC2 /* Project object */;
}
